
Microsoft Visual Studio Solution File, Format Version 12.00
# Visual Studio Version 16
VisualStudioVersion = 16.0.30717.126
MinimumVisualStudioVersion = 10.0.40219.1
Project("{FAE04EC0-301F-11D3-BF4B-00C04F79EFBC}") = "RingbaTest", "RingbaTest\RingbaTest.csproj", "{876DE1C7-425A-446B-B5F6-05784F364F2C}"
EndProject
Global
	GlobalSection(SolutionConfigurationPlatforms) = preSolution
		Debug|Any CPU = Debug|Any CPU
		Release|Any CPU = Release|Any CPU
	EndGlobalSection
	GlobalSection(ProjectConfigurationPlatforms) = postSolution
		{876DE1C7-425A-446B-B5F6-05784F364F2C}.Debug|Any CPU.ActiveCfg = Debug|Any CPU
		{876DE1C7-425A-446B-B5F6-05784F364F2C}.Debug|Any CPU.Build.0 = Debug|Any CPU
		{876DE1C7-425A-446B-B5F6-05784F364F2C}.Release|Any CPU.ActiveCfg = Release|Any CPU
		{876DE1C7-425A-446B-B5F6-05784F364F2C}.Release|Any CPU.Build.0 = Release|Any CPU
	EndGlobalSection
	GlobalSection(SolutionProperties) = preSolution
		HideSolutionNode = FALSE
	EndGlobalSection
	GlobalSection(ExtensibilityGlobals) = postSolution
		SolutionGuid = {5B90035B-406E-4076-8630-6F3AD9C82568}
	EndGlobalSection
EndGlobal
